{
  "name": "01_hard-coded_dependency",
  "version": "1.0.0",
  "lockfileVersion": 1,
  "dependencies": {
    "abstract-leveldown": {
      "version": "2.6.3",
      "resolved": "https://docker.verisure.com:443/artifactory/api/npm/npm-central/abstract-leveldown/-/abstract-leveldown-2.6.3.tgz",
      "integrity": "sha1-HF6Mal75Za6MNd+zqHcMR2uCxLg="
    },
    "accepts": {
      "version": "1.3.7",
      "resolved": "https://docker.verisure.com:443/artifactory/api/npm/npm-central/accepts/-/accepts-1.3.7.tgz",
      "integrity": "sha1-UxvHJlF6OytB+FACHGzBXqq1B80="
    },
    "ansi-regex": {
      "version": "https://docker.verisure.com:443/artifactory/api/npm/npm-central/ansi-regex/-/ansi-regex-2.1.1.tgz",
      "integrity": "sha1-w7M6te42DYbg5ijwRorn7yfWVN8="
    },
    "aproba": {
      "version": "https://docker.verisure.com:443/artifactory/api/npm/npm-central/aproba/-/aproba-1.2.0.tgz",
      "integrity": "sha1-aALmJk79GMeQobDVF/DyYnvyyUo="
    },
    "are-we-there-yet": {
      "version": "https://docker.verisure.com:443/artifactory/api/npm/npm-central/are-we-there-yet/-/are-we-there-yet-1.1.5.tgz",
      "integrity": "sha1-SzXClE8GKov82mZBB2A1D+nd/CE=",
      "dependencies": {
        "isarray": {
          "version": "https://docker.verisure.com:443/artifactory/api/npm/npm-central/isarray/-/isarray-1.0.0.tgz",
          "integrity": "sha1-u5NdSFgsuhaMBoNJV6VKPgcSTxE="
        },
        "readable-stream": {
          "version": "https://docker.verisure.com:443/artifactory/api/npm/npm-central/readable-stream/-/readable-stream-2.3.6.tgz",
          "integrity": "sha1-sRwn2IuP8fvgcGQ8+UsMea4bCq8="
        },
        "string_decoder": {
          "version": "https://docker.verisure.com:443/artifactory/api/npm/npm-central/string_decoder/-/string_decoder-1.1.1.tgz",
          "integrity": "sha1-nPFhG6YmhdcDCunkujQUnDrwP8g="
        }
      }
    },
    "array-flatten": {
      "version": "1.1.1",
      "resolved": "https://docker.verisure.com:443/artifactory/api/npm/npm-central/array-flatten/-/array-flatten-1.1.1.tgz",
      "integrity": "sha1-ml9pkFGx5wczKPKgCJaLZOopVdI="
    },
    "async": {
      "version": "2.6.3",
      "resolved": "https://docker.verisure.com:443/artifactory/api/npm/npm-central/async/-/async-2.6.3.tgz",
      "integrity": "sha1-1yYl4jRKNlbjo61Pp0n6gymdgv8="
    },
    "bcrypt": {
      "version": "0.8.7",
      "resolved": "https://docker.verisure.com:443/artifactory/api/npm/npm-central/bcrypt/-/bcrypt-0.8.7.tgz",
      "integrity": "sha1-vDh1qa/Qp7LNIxpqfyGKXOFWsJM="
    },
    "bindings": {
      "version": "1.2.1",
      "resolved": "https://docker.verisure.com:443/artifactory/api/npm/npm-central/bindings/-/bindings-1.2.1.tgz",
      "integrity": "sha1-FK1hE4EtLTfXLme0ystLtyZQXxE="
    },
    "bl": {
      "version": "https://docker.verisure.com:443/artifactory/api/npm/npm-central/bl/-/bl-1.2.2.tgz",
      "integrity": "sha1-oWCRFxcQPAdBDO9j71Gzl8Alr5w=",
      "dependencies": {
        "isarray": {
          "version": "https://docker.verisure.com:443/artifactory/api/npm/npm-central/isarray/-/isarray-1.0.0.tgz",
          "integrity": "sha1-u5NdSFgsuhaMBoNJV6VKPgcSTxE="
        },
        "readable-stream": {
          "version": "https://docker.verisure.com:443/artifactory/api/npm/npm-central/readable-stream/-/readable-stream-2.3.6.tgz",
          "integrity": "sha1-sRwn2IuP8fvgcGQ8+UsMea4bCq8="
        },
        "string_decoder": {
          "version": "https://docker.verisure.com:443/artifactory/api/npm/npm-central/string_decoder/-/string_decoder-1.1.1.tgz",
          "integrity": "sha1-nPFhG6YmhdcDCunkujQUnDrwP8g="
        }
      }
    },
    "body-parser": {
      "version": "1.19.0",
      "resolved": "https://docker.verisure.com:443/artifactory/api/npm/npm-central/body-parser/-/body-parser-1.19.0.tgz",
      "integrity": "sha1-lrJwnlfJxOCab9Zqj9l5hE9p8Io="
    },
    "buffer-alloc": {
      "version": "https://docker.verisure.com:443/artifactory/api/npm/npm-central/buffer-alloc/-/buffer-alloc-1.2.0.tgz",
      "integrity": "sha1-iQ3ZDZI6hz4I4Q5f1RpX5bfM4Ow="
    },
    "buffer-alloc-unsafe": {
      "version": "https://docker.verisure.com:443/artifactory/api/npm/npm-central/buffer-alloc-unsafe/-/buffer-alloc-unsafe-1.1.0.tgz",
      "integrity": "sha1-vX3CauKXLQ7aJTvgYdupkjScGfA="
    },
    "buffer-fill": {
      "version": "https://docker.verisure.com:443/artifactory/api/npm/npm-central/buffer-fill/-/buffer-fill-1.0.0.tgz",
      "integrity": "sha1-+PeLdniYiO858gXNY39o5wISKyw="
    },
    "bytes": {
      "version": "3.1.0",
      "resolved": "https://docker.verisure.com:443/artifactory/api/npm/npm-central/bytes/-/bytes-3.1.0.tgz",
      "integrity": "sha1-9s95M6Ng4FiPqf3oVlHNx/gF0fY="
    },
    "bytewise": {
      "version": "1.1.0",
      "resolved": "https://docker.verisure.com:443/artifactory/api/npm/npm-central/bytewise/-/bytewise-1.1.0.tgz",
      "integrity": "sha1-HRPL/3F65xWAlKqIGzXQgbOHJT4="
    },
    "bytewise-core": {
      "version": "1.2.3",
      "resolved": "https://docker.verisure.com:443/artifactory/api/npm/npm-central/bytewise-core/-/bytewise-core-1.2.3.tgz",
      "integrity": "sha1-P7QQx+kVWOsasiqCg0V3qmvWHUI="
    },
    "chownr": {
      "version": "https://docker.verisure.com:443/artifactory/api/npm/npm-central/chownr/-/chownr-1.1.2.tgz",
      "integrity": "sha1-oY8eCyacimpdPIbrKYvrFMPde/Y="
    },
    "code-point-at": {
      "version": "https://docker.verisure.com:443/artifactory/api/npm/npm-central/code-point-at/-/code-point-at-1.1.0.tgz",
      "integrity": "sha1-DQcLTQQ6W+ozovGkDi7bPZpMz3c="
    },
    "console-control-strings": {
      "version": "https://docker.verisure.com:443/artifactory/api/npm/npm-central/console-control-strings/-/console-control-strings-1.1.0.tgz",
      "integrity": "sha1-PXz0Rk22RG6mRL9LOVB/mFEAjo4="
    },
    "content-disposition": {
      "version": "0.5.3",
      "resolved": "https://docker.verisure.com:443/artifactory/api/npm/npm-central/content-disposition/-/content-disposition-0.5.3.tgz",
      "integrity": "sha1-4TDK9+cnkIfFYWwgB9BIVpiYT70="
    },
    "content-type": {
      "version": "1.0.4",
      "resolved": "https://docker.verisure.com:443/artifactory/api/npm/npm-central/content-type/-/content-type-1.0.4.tgz",
      "integrity": "sha1-4TjMdeBAxyexlm/l5fjJruJW/js="
    },
    "cookie": {
      "version": "0.4.0",
      "resolved": "https://docker.verisure.com:443/artifactory/api/npm/npm-central/cookie/-/cookie-0.4.0.tgz",
      "integrity": "sha1-vrQ35wIrO21JAZ0IhmUwPr6cFLo="
    },
    "cookie-signature": {
      "version": "1.0.6",
      "resolved": "https://docker.verisure.com:443/artifactory/api/npm/npm-central/cookie-signature/-/cookie-signature-1.0.6.tgz",
      "integrity": "sha1-4wOogrNCzD7oylE6eZmXNNqzriw="
    },
    "core-util-is": {
      "version": "1.0.2",
      "resolved": "https://docker.verisure.com:443/artifactory/api/npm/npm-central/core-util-is/-/core-util-is-1.0.2.tgz",
      "integrity": "sha1-tf1UIgqivFq1eqtxQMlAdUUDwac="
    },
    "debug": {
      "version": "2.6.9",
      "resolved": "https://docker.verisure.com:443/artifactory/api/npm/npm-central/debug/-/debug-2.6.9.tgz",
      "integrity": "sha1-XRKFFd8TT/Mn6QpMk/Tgd6U2NB8="
    },
    "decompress-response": {
      "version": "https://docker.verisure.com:443/artifactory/api/npm/npm-central/decompress-response/-/decompress-response-3.3.0.tgz",
      "integrity": "sha1-gKTdMjdIOEv6JICDYirt7Jgq3/M="
    },
    "deep-extend": {
      "version": "https://docker.verisure.com:443/artifactory/api/npm/npm-central/deep-extend/-/deep-extend-0.6.0.tgz",
      "integrity": "sha1-xPp8lUBKF6nD6Mp+FTcxK3NjMKw="
    },
    "deferred-leveldown": {
      "version": "1.2.2",
      "resolved": "https://docker.verisure.com:443/artifactory/api/npm/npm-central/deferred-leveldown/-/deferred-leveldown-1.2.2.tgz",
      "integrity": "sha1-Os0uC3XRZpkkvApLZChRExFz4es="
    },
    "delegates": {
      "version": "https://docker.verisure.com:443/artifactory/api/npm/npm-central/delegates/-/delegates-1.0.0.tgz",
      "integrity": "sha1-hMbhWbgZBP3KWaDvRM2HDTElD5o="
    },
    "depd": {
      "version": "1.1.2",
      "resolved": "https://docker.verisure.com:443/artifactory/api/npm/npm-central/depd/-/depd-1.1.2.tgz",
      "integrity": "sha1-m81S4UwJd2PnSbJ0xDRu0uVgtak="
    },
    "destroy": {
      "version": "1.0.4",
      "resolved": "https://docker.verisure.com:443/artifactory/api/npm/npm-central/destroy/-/destroy-1.0.4.tgz",
      "integrity": "sha1-l4hXRCxEdJ5CBmE+N5RiBYJqvYA="
    },
    "detect-libc": {
      "version": "https://docker.verisure.com:443/artifactory/api/npm/npm-central/detect-libc/-/detect-libc-1.0.3.tgz",
      "integrity": "sha1-+hN8S9aY7fVc1c0CrFWfkaTEups="
    },
    "ee-first": {
      "version": "1.1.1",
      "resolved": "https://docker.verisure.com:443/artifactory/api/npm/npm-central/ee-first/-/ee-first-1.1.1.tgz",
      "integrity": "sha1-WQxhFWsK4vTwJVcyoViyZrxWsh0="
    },
    "encodeurl": {
      "version": "1.0.2",
      "resolved": "https://docker.verisure.com:443/artifactory/api/npm/npm-central/encodeurl/-/encodeurl-1.0.2.tgz",
      "integrity": "sha1-rT/0yG7C0CkyL1oCw6mmBslbP1k="
    },
    "end-of-stream": {
      "version": "https://docker.verisure.com:443/artifactory/api/npm/npm-central/end-of-stream/-/end-of-stream-1.4.1.tgz",
      "integrity": "sha1-7SljTRm6ukY7bOa4CjchPqtx7EM="
    },
    "errno": {
      "version": "0.1.7",
      "resolved": "https://docker.verisure.com:443/artifactory/api/npm/npm-central/errno/-/errno-0.1.7.tgz",
      "integrity": "sha1-RoTXF3mtOa8Xfj8AeZb3xnyFJhg="
    },
    "errorhandler": {
      "version": "1.5.1",
      "resolved": "https://docker.verisure.com:443/artifactory/api/npm/npm-central/errorhandler/-/errorhandler-1.5.1.tgz",
      "integrity": "sha1-ubpdF8+QdEzR6FE1em51v4BqmpE="
    },
    "escape-html": {
      "version": "1.0.3",
      "resolved": "https://docker.verisure.com:443/artifactory/api/npm/npm-central/escape-html/-/escape-html-1.0.3.tgz",
      "integrity": "sha1-Aljq5NPQwJdN4cFpGI7wBR0dGYg="
    },
    "etag": {
      "version": "1.8.1",
      "resolved": "https://docker.verisure.com:443/artifactory/api/npm/npm-central/etag/-/etag-1.8.1.tgz",
      "integrity": "sha1-Qa4u62XvpiJorr/qg6x9eSmbCIc="
    },
    "expand-template": {
      "version": "https://docker.verisure.com:443/artifactory/api/npm/npm-central/expand-template/-/expand-template-1.1.1.tgz",
      "integrity": "sha1-mB8YjAw6h9Lij1WbxUFCb/lPId0="
    },
    "express": {
      "version": "4.17.1",
      "resolved": "https://docker.verisure.com:443/artifactory/api/npm/npm-central/express/-/express-4.17.1.tgz",
      "integrity": "sha1-RJH8OGBc9R+GKdOcK10Cb5ikwTQ="
    },
    "fast-future": {
      "version": "https://docker.verisure.com:443/artifactory/api/npm/npm-central/fast-future/-/fast-future-1.0.2.tgz",
      "integrity": "sha1-hDWpqqAteSSNF9cE52JZMB2ZKAo="
    },
    "finalhandler": {
      "version": "1.1.2",
      "resolved": "https://docker.verisure.com:443/artifactory/api/npm/npm-central/finalhandler/-/finalhandler-1.1.2.tgz",
      "integrity": "sha1-t+fQAP/RGTjQ/bBTUG9uur6fWH0="
    },
    "forwarded": {
      "version": "0.1.2",
      "resolved": "https://docker.verisure.com:443/artifactory/api/npm/npm-central/forwarded/-/forwarded-0.1.2.tgz",
      "integrity": "sha1-mMI9qxF1ZXuMBXPozszZGw/xjIQ="
    },
    "fresh": {
      "version": "0.5.2",
      "resolved": "https://docker.verisure.com:443/artifactory/api/npm/npm-central/fresh/-/fresh-0.5.2.tgz",
      "integrity": "sha1-PYyt2Q2XZWn6g1qx+OSyOhBWBac="
    },
    "fs-constants": {
      "version": "https://docker.verisure.com:443/artifactory/api/npm/npm-central/fs-constants/-/fs-constants-1.0.0.tgz",
      "integrity": "sha1-a+Dem+mYzhavivwkSXue6bfM2a0="
    },
    "gauge": {
      "version": "https://docker.verisure.com:443/artifactory/api/npm/npm-central/gauge/-/gauge-2.7.4.tgz",
      "integrity": "sha1-LANAXHU4w51+s3sxcCLjJfsBi/c="
    },
    "github-from-package": {
      "version": "https://docker.verisure.com:443/artifactory/api/npm/npm-central/github-from-package/-/github-from-package-0.0.0.tgz",
      "integrity": "sha1-l/tdlr/eiXMxPyDoKI75oWf6ZM4="
    },
    "has-unicode": {
      "version": "https://docker.verisure.com:443/artifactory/api/npm/npm-central/has-unicode/-/has-unicode-2.0.1.tgz",
      "integrity": "sha1-4Ob+aijPUROIVeCG0Wkedx3iqLk="
    },
    "http-errors": {
      "version": "1.7.2",
      "resolved": "https://docker.verisure.com:443/artifactory/api/npm/npm-central/http-errors/-/http-errors-1.7.2.tgz",
      "integrity": "sha1-T1ApzxMjnzEDblsuVSkrz7zIXI8="
    },
    "iconv-lite": {
      "version": "0.4.24",
      "resolved": "https://docker.verisure.com:443/artifactory/api/npm/npm-central/iconv-lite/-/iconv-lite-0.4.24.tgz",
      "integrity": "sha1-ICK0sl+93CHS9SSXSkdKr+czkIs="
    },
    "inherits": {
      "version": "2.0.3",
      "resolved": "https://docker.verisure.com:443/artifactory/api/npm/npm-central/inherits/-/inherits-2.0.3.tgz",
      "integrity": "sha1-Yzwsg+PaQqUC9SRmAiSA9CCCYd4="
    },
    "ini": {
      "version": "https://docker.verisure.com:443/artifactory/api/npm/npm-central/ini/-/ini-1.3.5.tgz",
      "integrity": "sha1-7uJfVtscnsYIXgwid4CD9Zar+Sc="
    },
    "ipaddr.js": {
      "version": "1.9.0",
      "resolved": "https://docker.verisure.com:443/artifactory/api/npm/npm-central/ipaddr.js/-/ipaddr.js-1.9.0.tgz",
      "integrity": "sha1-N9905DCg5HVQ/lSi3v4w2KzZX2U="
    },
    "is-fullwidth-code-point": {
      "version": "https://docker.verisure.com:443/artifactory/api/npm/npm-central/is-fullwidth-code-point/-/is-fullwidth-code-point-1.0.0.tgz",
      "integrity": "sha1-754xOG8DGn8NZDr4L95QxFfvAMs="
    },
    "isarray": {
      "version": "0.0.1",
      "resolved": "https://docker.verisure.com:443/artifactory/api/npm/npm-central/isarray/-/isarray-0.0.1.tgz",
      "integrity": "sha1-ihis/Kmo9Bd+Cav8YDiTmwXR7t8="
    },
    "jwt-simple": {
      "version": "0.5.6",
      "resolved": "https://docker.verisure.com:443/artifactory/api/npm/npm-central/jwt-simple/-/jwt-simple-0.5.6.tgz",
      "integrity": "sha1-M1et7FWyZUcRQVe+ZnSJlbdbMzo="
    },
    "level": {
      "version": "https://docker.verisure.com:443/artifactory/api/npm/npm-central/level/-/level-1.7.0.tgz",
      "integrity": "sha1-Q0ZKOounOy895WokKSgFFG2iE6E="
    },
    "level-codec": {
      "version": "7.0.1",
      "resolved": "https://docker.verisure.com:443/artifactory/api/npm/npm-central/level-codec/-/level-codec-7.0.1.tgz",
      "integrity": "sha1-NB8i+QfODxZ2PyS93WgeOVoPuKc="
    },
    "level-errors": {
      "version": "1.0.5",
      "resolved": "https://docker.verisure.com:443/artifactory/api/npm/npm-central/level-errors/-/level-errors-1.0.5.tgz",
      "integrity": "sha1-g9v7EvC4olFr3JoxxIdgOOInuFk="
    },
    "level-iterator-stream": {
      "version": "1.3.1",
      "resolved": "https://docker.verisure.com:443/artifactory/api/npm/npm-central/level-iterator-stream/-/level-iterator-stream-1.3.1.tgz",
      "integrity": "sha1-5Dt4sagUPm+pek9IXrjqUwNS8u0="
    },
    "level-packager": {
      "version": "1.2.1",
      "resolved": "https://docker.verisure.com:443/artifactory/api/npm/npm-central/level-packager/-/level-packager-1.2.1.tgz",
      "integrity": "sha1-Bn/t/Qcrf+PGvsYIDAy9SmsuEfQ="
    },
    "level-post": {
      "version": "1.0.7",
      "resolved": "https://docker.verisure.com:443/artifactory/api/npm/npm-central/level-post/-/level-post-1.0.7.tgz",
      "integrity": "sha1-GczKlEGnzFJ4eaBjUADwbV6PJ9A="
    },
    "level-sublevel": {
      "version": "6.6.5",
      "resolved": "https://docker.verisure.com:443/artifactory/api/npm/npm-central/level-sublevel/-/level-sublevel-6.6.5.tgz",
      "integrity": "sha1-rN36K+AzueUDVE4sZH88A9WiP70=",
      "dependencies": {
        "abstract-leveldown": {
          "version": "0.12.4",
          "resolved": "https://docker.verisure.com:443/artifactory/api/npm/npm-central/abstract-leveldown/-/abstract-leveldown-0.12.4.tgz",
          "integrity": "sha1-KeGOYy5g5OIh1YECR4UqY9ey5BA=",
          "dependencies": {
            "xtend": {
              "version": "3.0.0",
              "resolved": "https://docker.verisure.com:443/artifactory/api/npm/npm-central/xtend/-/xtend-3.0.0.tgz",
              "integrity": "sha1-XM50B7r2Qsunvs2laBEcST9ZZlo="
            }
          }
        },
        "bl": {
          "version": "0.8.2",
          "resolved": "https://docker.verisure.com:443/artifactory/api/npm/npm-central/bl/-/bl-0.8.2.tgz",
          "integrity": "sha1-yba8oI0bwuoA/Ir7Txpf0eHGbk4="
        },
        "deferred-leveldown": {
          "version": "0.2.0",
          "resolved": "https://docker.verisure.com:443/artifactory/api/npm/npm-central/deferred-leveldown/-/deferred-leveldown-0.2.0.tgz",
          "integrity": "sha1-LO8fER4cV4cNi7uK8mUOWHzS9bQ="
        },
        "levelup": {
          "version": "0.19.1",
          "resolved": "https://docker.verisure.com:443/artifactory/api/npm/npm-central/levelup/-/levelup-0.19.1.tgz",
          "integrity": "sha1-86anIFJyxLXzXkEv8ASgOgrt9Qs=",
          "dependencies": {
            "xtend": {
              "version": "3.0.0",
              "resolved": "https://docker.verisure.com:443/artifactory/api/npm/npm-central/xtend/-/xtend-3.0.0.tgz",
              "integrity": "sha1-XM50B7r2Qsunvs2laBEcST9ZZlo="
            }
          }
        },
        "prr": {
          "version": "0.0.0",
          "resolved": "https://docker.verisure.com:443/artifactory/api/npm/npm-central/prr/-/prr-0.0.0.tgz",
          "integrity": "sha1-GoS4WQgyVQFBGFPQCB7j+obikmo="
        },
        "readable-stream": {
          "version": "1.0.34",
          "resolved": "https://docker.verisure.com:443/artifactory/api/npm/npm-central/readable-stream/-/readable-stream-1.0.34.tgz",
          "integrity": "sha1-Elgg40vIQtLyqq+v5MKRbuMsFXw="
        },
        "semver": {
          "version": "5.1.1",
          "resolved": "https://docker.verisure.com:443/artifactory/api/npm/npm-central/semver/-/semver-5.1.1.tgz",
          "integrity": "sha1-oykqNz5vPgeY2gsgZBuanFvEfhk="
        }
      }
    },
    "leveldown": {
      "version": "https://docker.verisure.com:443/artifactory/api/npm/npm-central/leveldown/-/leveldown-1.7.2.tgz",
      "integrity": "sha1-XjRnuyfuJGpKe429j7KxYgam64s=",
      "dependencies": {
        "nan": {
          "version": "https://docker.verisure.com:443/artifactory/api/npm/npm-central/nan/-/nan-2.6.2.tgz",
          "integrity": "sha1-5P805slf37WuzAjeZZb0NgWn20U="
        }
      }
    },
    "levelup": {
      "version": "1.3.9",
      "resolved": "https://docker.verisure.com:443/artifactory/api/npm/npm-central/levelup/-/levelup-1.3.9.tgz",
      "integrity": "sha1-LbyuhFsrsra+qE3zNMR1Uzu9gqs="
    },
    "lodash": {
      "version": "4.17.15",
      "resolved": "https://docker.verisure.com:443/artifactory/api/npm/npm-central/lodash/-/lodash-4.17.15.tgz",
      "integrity": "sha1-tEf2ZwoEVbv+7dETku/zMOoJdUg="
    },
    "looper": {
      "version": "2.0.0",
      "resolved": "https://docker.verisure.com:443/artifactory/api/npm/npm-central/looper/-/looper-2.0.0.tgz",
      "integrity": "sha1-Zs0Md0rz1P7axTeU90LbVtqPCew="
    },
    "ltgt": {
      "version": "2.1.3",
      "resolved": "https://docker.verisure.com:443/artifactory/api/npm/npm-central/ltgt/-/ltgt-2.1.3.tgz",
      "integrity": "sha1-EIUaBtmWS5cReEQcI8nlJpjuzjQ="
    },
    "media-typer": {
      "version": "0.3.0",
      "resolved": "https://docker.verisure.com:443/artifactory/api/npm/npm-central/media-typer/-/media-typer-0.3.0.tgz",
      "integrity": "sha1-hxDXrwqmJvj/+hzgAWhUUmMlV0g="
    },
    "merge-descriptors": {
      "version": "1.0.1",
      "resolved": "https://docker.verisure.com:443/artifactory/api/npm/npm-central/merge-descriptors/-/merge-descriptors-1.0.1.tgz",
      "integrity": "sha1-sAqqVW3YtEVoFQ7J0blT8/kMu2E="
    },
    "methods": {
      "version": "1.1.2",
      "resolved": "https://docker.verisure.com:443/artifactory/api/npm/npm-central/methods/-/methods-1.1.2.tgz",
      "integrity": "sha1-VSmk1nZUE07cxSZmVoNbD4Ua/O4="
    },
    "mime": {
      "version": "1.6.0",
      "resolved": "https://docker.verisure.com:443/artifactory/api/npm/npm-central/mime/-/mime-1.6.0.tgz",
      "integrity": "sha1-Ms2eXGRVO9WNGaVor0Uqz/BJgbE="
    },
    "mime-db": {
      "version": "1.40.0",
      "resolved": "https://docker.verisure.com:443/artifactory/api/npm/npm-central/mime-db/-/mime-db-1.40.0.tgz",
      "integrity": "sha1-plBX6ZjbCQ9zKmj2wnbTh9QSbDI="
    },
    "mime-types": {
      "version": "2.1.24",
      "resolved": "https://docker.verisure.com:443/artifactory/api/npm/npm-central/mime-types/-/mime-types-2.1.24.tgz",
      "integrity": "sha1-tvjQs+lR77d97eyhlM/20W9nb4E="
    },
    "mimic-response": {
      "version": "https://docker.verisure.com:443/artifactory/api/npm/npm-central/mimic-response/-/mimic-response-1.0.1.tgz",
      "integrity": "sha1-SSNTiHju9CBjy4o+OweYeBSHqxs="
    },
    "minimist": {
      "version": "https://docker.verisure.com:443/artifactory/api/npm/npm-central/minimist/-/minimist-1.2.0.tgz",
      "integrity": "sha1-o1AIsg9BOD7sH7kU9M1d95omQoQ="
    },
    "mkdirp": {
      "version": "https://docker.verisure.com:443/artifactory/api/npm/npm-central/mkdirp/-/mkdirp-0.5.1.tgz",
      "integrity": "sha1-MAV0OOrGz3+MR2fzhkjWaX11yQM=",
      "dependencies": {
        "minimist": {
          "version": "https://docker.verisure.com:443/artifactory/api/npm/npm-central/minimist/-/minimist-0.0.8.tgz",
          "integrity": "sha1-hX/Kv8M5fSYluCKCYuhqp6ARsF0="
        }
      }
    },
    "ms": {
      "version": "2.0.0",
      "resolved": "https://docker.verisure.com:443/artifactory/api/npm/npm-central/ms/-/ms-2.0.0.tgz",
      "integrity": "sha1-VgiurfwAvmwpAd9fmGF4jeDVl8g="
    },
    "nan": {
      "version": "2.3.5",
      "resolved": "https://docker.verisure.com:443/artifactory/api/npm/npm-central/nan/-/nan-2.3.5.tgz",
      "integrity": "sha1-gioNwmYpDOTNOhIoLKPn42Rmigg="
    },
    "negotiator": {
      "version": "0.6.2",
      "resolved": "https://docker.verisure.com:443/artifactory/api/npm/npm-central/negotiator/-/negotiator-0.6.2.tgz",
      "integrity": "sha1-/qz3zPUlp3rpY0Q2pkiD/+yjRvs="
    },
    "node-abi": {
      "version": "https://docker.verisure.com:443/artifactory/api/npm/npm-central/node-abi/-/node-abi-2.11.0.tgz",
      "integrity": "sha1-t9zhiBUFdUSgSb5a51zR/cLp6lk="
    },
    "node-uuid": {
      "version": "1.4.8",
      "resolved": "https://docker.verisure.com:443/artifactory/api/npm/npm-central/node-uuid/-/node-uuid-1.4.8.tgz",
      "integrity": "sha1-sEDrCSOWivq/jTL7HxfxFn/auQc="
    },
    "noop-logger": {
      "version": "https://docker.verisure.com:443/artifactory/api/npm/npm-central/noop-logger/-/noop-logger-0.1.1.tgz",
      "integrity": "sha1-lKKxYzxPExdVMAfYlm/Q6EG2pMI="
    },
    "npmlog": {
      "version": "https://docker.verisure.com:443/artifactory/api/npm/npm-central/npmlog/-/npmlog-4.1.2.tgz",
      "integrity": "sha1-CKfyqL9zRgR3mp76StXMcXq7lUs="
    },
    "number-is-nan": {
      "version": "https://docker.verisure.com:443/artifactory/api/npm/npm-central/number-is-nan/-/number-is-nan-1.0.1.tgz",
      "integrity": "sha1-CXtgK1NCKlIsGvuHkDGDNpQaAR0="
    },
    "object-assign": {
      "version": "https://docker.verisure.com:443/artifactory/api/npm/npm-central/object-assign/-/object-assign-4.1.1.tgz",
      "integrity": "sha1-IQmtx5ZYh8/AXLvUQsrIv7s2CGM="
    },
    "on-finished": {
      "version": "2.3.0",
      "resolved": "https://docker.verisure.com:443/artifactory/api/npm/npm-central/on-finished/-/on-finished-2.3.0.tgz",
      "integrity": "sha1-IPEzZIGwg811M3mSoWlxqi2QaUc="
    },
    "once": {
      "version": "https://docker.verisure.com:443/artifactory/api/npm/npm-central/once/-/once-1.4.0.tgz",
      "integrity": "sha1-WDsap3WWHUsROsF9nFC6753Xa9E="
    },
    "os-homedir": {
      "version": "https://docker.verisure.com:443/artifactory/api/npm/npm-central/os-homedir/-/os-homedir-1.0.2.tgz",
      "integrity": "sha1-/7xJiDNuDoM94MFox+8VISGqf7M="
    },
    "parseurl": {
      "version": "1.3.3",
      "resolved": "https://docker.verisure.com:443/artifactory/api/npm/npm-central/parseurl/-/parseurl-1.3.3.tgz",
      "integrity": "sha1-naGee+6NEt/wUT7Vt2lXeTvC6NQ="
    },
    "path-to-regexp": {
      "version": "0.1.7",
      "resolved": "https://docker.verisure.com:443/artifactory/api/npm/npm-central/path-to-regexp/-/path-to-regexp-0.1.7.tgz",
      "integrity": "sha1-32BBeABfUi8V60SQ5yR6G/qmf4w="
    },
    "prebuild-install": {
      "version": "https://docker.verisure.com:443/artifactory/api/npm/npm-central/prebuild-install/-/prebuild-install-2.5.3.tgz",
      "integrity": "sha1-n2XyQngtNwKWNTcQ6byENJDBn2k="
    },
    "process-nextick-args": {
      "version": "https://docker.verisure.com:443/artifactory/api/npm/npm-central/process-nextick-args/-/process-nextick-args-2.0.1.tgz",
      "integrity": "sha1-eCDZsWEgzFXKmud5JoCufbptf+I="
    },
    "proxy-addr": {
      "version": "2.0.5",
      "resolved": "https://docker.verisure.com:443/artifactory/api/npm/npm-central/proxy-addr/-/proxy-addr-2.0.5.tgz",
      "integrity": "sha1-NMvWSi2B9LH9IedvnwbIpFKZ7jQ="
    },
    "prr": {
      "version": "1.0.1",
      "resolved": "https://docker.verisure.com:443/artifactory/api/npm/npm-central/prr/-/prr-1.0.1.tgz",
      "integrity": "sha1-0/wRS6BplaRexok/SEzrHXj19HY="
    },
    "pull-cat": {
      "version": "1.1.11",
      "resolved": "https://docker.verisure.com:443/artifactory/api/npm/npm-central/pull-cat/-/pull-cat-1.1.11.tgz",
      "integrity": "sha1-tkLdElXaN2pwa220+pYvX9t0wxs="
    },
    "pull-defer": {
      "version": "0.2.3",
      "resolved": "https://docker.verisure.com:443/artifactory/api/npm/npm-central/pull-defer/-/pull-defer-0.2.3.tgz",
      "integrity": "sha1-TuCcbZ4ie+3pk424A5HD2sSJ0RM="
    },
    "pull-level": {
      "version": "2.0.4",
      "resolved": "https://docker.verisure.com:443/artifactory/api/npm/npm-central/pull-level/-/pull-level-2.0.4.tgz",
      "integrity": "sha1-SCLmF1fBC9zHz0oDrwTJJzTJr6w="
    },
    "pull-live": {
      "version": "1.0.1",
      "resolved": "https://docker.verisure.com:443/artifactory/api/npm/npm-central/pull-live/-/pull-live-1.0.1.tgz",
      "integrity": "sha1-pOzuAeMwFV6RJLu89HYfIbOPUfU="
    },
    "pull-pushable": {
      "version": "2.2.0",
      "resolved": "https://docker.verisure.com:443/artifactory/api/npm/npm-central/pull-pushable/-/pull-pushable-2.2.0.tgz",
      "integrity": "sha1-Xy867UethpGfAbEqLpnW8b13ZYE="
    },
    "pull-stream": {
      "version": "3.6.14",
      "resolved": "https://docker.verisure.com:443/artifactory/api/npm/npm-central/pull-stream/-/pull-stream-3.6.14.tgz",
      "integrity": "sha1-Up29W4YTH0pe1jb99/avAHgTV+4="
    },
    "pull-window": {
      "version": "2.1.4",
      "resolved": "https://docker.verisure.com:443/artifactory/api/npm/npm-central/pull-window/-/pull-window-2.1.4.tgz",
      "integrity": "sha1-/DuG/uvRkgx64pdpHiP3BfiFUvA="
    },
    "pump": {
      "version": "https://docker.verisure.com:443/artifactory/api/npm/npm-central/pump/-/pump-2.0.1.tgz",
      "integrity": "sha1-Ejma3W5M91Jtlzy8i1zi4pCLOQk="
    },
    "qs": {
      "version": "6.7.0",
      "resolved": "https://docker.verisure.com:443/artifactory/api/npm/npm-central/qs/-/qs-6.7.0.tgz",
      "integrity": "sha1-QdwaAV49WB8WIXdr4xr7KHapsbw="
    },
    "range-parser": {
      "version": "1.2.1",
      "resolved": "https://docker.verisure.com:443/artifactory/api/npm/npm-central/range-parser/-/range-parser-1.2.1.tgz",
      "integrity": "sha1-PPNwI9GZ4cJNGlW4SADC8+ZGgDE="
    },
    "raw-body": {
      "version": "2.4.0",
      "resolved": "https://docker.verisure.com:443/artifactory/api/npm/npm-central/raw-body/-/raw-body-2.4.0.tgz",
      "integrity": "sha1-oc5vucm8NWylLoklarWQWeE9AzI="
    },
    "rc": {
      "version": "https://docker.verisure.com:443/artifactory/api/npm/npm-central/rc/-/rc-1.2.8.tgz",
      "integrity": "sha1-zZJL9SAKB1uDwYjNa54hG3/A0+0="
    },
    "readable-stream": {
      "version": "1.1.14",
      "resolved": "https://docker.verisure.com:443/artifactory/api/npm/npm-central/readable-stream/-/readable-stream-1.1.14.tgz",
      "integrity": "sha1-fPTFTvZI44EwhMY23SB54WbAgdk="
    },
    "safe-buffer": {
      "version": "5.1.2",
      "resolved": "https://docker.verisure.com:443/artifactory/api/npm/npm-central/safe-buffer/-/safe-buffer-5.1.2.tgz",
      "integrity": "sha1-mR7GnSluAxN0fVm9/St0XDX4go0="
    },
    "safer-buffer": {
      "version": "2.1.2",
      "resolved": "https://docker.verisure.com:443/artifactory/api/npm/npm-central/safer-buffer/-/safer-buffer-2.1.2.tgz",
      "integrity": "sha1-RPoWGwGHuVSd2Eu5GAL5vYOFzWo="
    },
    "semver": {
      "version": "5.4.1",
      "resolved": "https://docker.verisure.com:443/artifactory/api/npm/npm-central/semver/-/semver-5.4.1.tgz",
      "integrity": "sha1-4FnAnYVx8FQII3M0M1BdOi8AsY4="
    },
    "send": {
      "version": "0.17.1",
      "resolved": "https://docker.verisure.com:443/artifactory/api/npm/npm-central/send/-/send-0.17.1.tgz",
      "integrity": "sha1-wdiwWfeQD3Rm3Uk4vcROEd2zdsg=",
      "dependencies": {
        "ms": {
          "version": "2.1.1",
          "resolved": "https://docker.verisure.com:443/artifactory/api/npm/npm-central/ms/-/ms-2.1.1.tgz",
          "integrity": "sha1-MKWGTrPrsKZvLr5tcnrwagnYbgo="
        }
      }
    },
    "serve-static": {
      "version": "1.14.1",
      "resolved": "https://docker.verisure.com:443/artifactory/api/npm/npm-central/serve-static/-/serve-static-1.14.1.tgz",
      "integrity": "sha1-Zm5jbcTwEPfvKZcKiKZ0MgiYsvk="
    },
    "set-blocking": {
      "version": "https://docker.verisure.com:443/artifactory/api/npm/npm-central/set-blocking/-/set-blocking-2.0.0.tgz",
      "integrity": "sha1-BF+XgtARrppoA93TgrJDkrPYkPc="
    },
    "setprototypeof": {
      "version": "1.1.1",
      "resolved": "https://docker.verisure.com:443/artifactory/api/npm/npm-central/setprototypeof/-/setprototypeof-1.1.1.tgz",
      "integrity": "sha1-fpWsskqpL1iF4KvvW6ExMw1K5oM="
    },
    "signal-exit": {
      "version": "https://docker.verisure.com:443/artifactory/api/npm/npm-central/signal-exit/-/signal-exit-3.0.2.tgz",
      "integrity": "sha1-tf3AjxKH6hF4Yo5BXiUTK3NkbG0="
    },
    "simple-concat": {
      "version": "https://docker.verisure.com:443/artifactory/api/npm/npm-central/simple-concat/-/simple-concat-1.0.0.tgz",
      "integrity": "sha1-c0TLuLbib7J9ZrL8hvn21Zl1IcY="
    },
    "simple-get": {
      "version": "https://docker.verisure.com:443/artifactory/api/npm/npm-central/simple-get/-/simple-get-2.8.1.tgz",
      "integrity": "sha1-DiLpHUV12HYgYgvJEwjVenf0S10="
    },
    "statuses": {
      "version": "1.5.0",
      "resolved": "https://docker.verisure.com:443/artifactory/api/npm/npm-central/statuses/-/statuses-1.5.0.tgz",
      "integrity": "sha1-Fhx9rBd2Wf2YEfQ3cfqZOBR4Yow="
    },
    "stream-to-pull-stream": {
      "version": "1.7.3",
      "resolved": "https://docker.verisure.com:443/artifactory/api/npm/npm-central/stream-to-pull-stream/-/stream-to-pull-stream-1.7.3.tgz",
      "integrity": "sha1-QWGqLS65lk3mC/oa9/6vkX6HTs4=",
      "dependencies": {
        "looper": {
          "version": "3.0.0",
          "resolved": "https://docker.verisure.com:443/artifactory/api/npm/npm-central/looper/-/looper-3.0.0.tgz",
          "integrity": "sha1-LvpUw7HLq6m5Su4uWRSwvlf7t0k="
        }
      }
    },
    "string_decoder": {
      "version": "0.10.31",
      "resolved": "https://docker.verisure.com:443/artifactory/api/npm/npm-central/string_decoder/-/string_decoder-0.10.31.tgz",
      "integrity": "sha1-YuIDvEF2bGwoyfyEMB2rHFMQ+pQ="
    },
    "string-width": {
      "version": "https://docker.verisure.com:443/artifactory/api/npm/npm-central/string-width/-/string-width-1.0.2.tgz",
      "integrity": "sha1-EYvfW4zcUaKn5w0hHgfisLmxB9M="
    },
    "strip-ansi": {
      "version": "https://docker.verisure.com:443/artifactory/api/npm/npm-central/strip-ansi/-/strip-ansi-3.0.1.tgz",
      "integrity": "sha1-ajhfuIU9lS1f8F0Oiq+UJ43GPc8="
    },
    "strip-json-comments": {
      "version": "https://docker.verisure.com:443/artifactory/api/npm/npm-central/strip-json-comments/-/strip-json-comments-2.0.1.tgz",
      "integrity": "sha1-PFMZQukIwml8DsNEhYwobHygpgo="
    },
    "tar-fs": {
      "version": "https://docker.verisure.com:443/artifactory/api/npm/npm-central/tar-fs/-/tar-fs-1.16.3.tgz",
      "integrity": "sha1-lmpiiEHaLEAQQGqCFny9Xgxy1Qk=",
      "dependencies": {
        "pump": {
          "version": "https://docker.verisure.com:443/artifactory/api/npm/npm-central/pump/-/pump-1.0.3.tgz",
          "integrity": "sha1-Xf6DEcM7v2/BgmH580cCxHwIqVQ="
        }
      }
    },
    "tar-stream": {
      "version": "https://docker.verisure.com:443/artifactory/api/npm/npm-central/tar-stream/-/tar-stream-1.6.2.tgz",
      "integrity": "sha1-jqVdqzeXIlPZqa+Q/c1VmuQ1xVU=",
      "dependencies": {
        "isarray": {
          "version": "https://docker.verisure.com:443/artifactory/api/npm/npm-central/isarray/-/isarray-1.0.0.tgz",
          "integrity": "sha1-u5NdSFgsuhaMBoNJV6VKPgcSTxE="
        },
        "readable-stream": {
          "version": "https://docker.verisure.com:443/artifactory/api/npm/npm-central/readable-stream/-/readable-stream-2.3.6.tgz",
          "integrity": "sha1-sRwn2IuP8fvgcGQ8+UsMea4bCq8="
        },
        "string_decoder": {
          "version": "https://docker.verisure.com:443/artifactory/api/npm/npm-central/string_decoder/-/string_decoder-1.1.1.tgz",
          "integrity": "sha1-nPFhG6YmhdcDCunkujQUnDrwP8g="
        }
      }
    },
    "to-buffer": {
      "version": "https://docker.verisure.com:443/artifactory/api/npm/npm-central/to-buffer/-/to-buffer-1.1.1.tgz",
      "integrity": "sha1-STvUj2LXxD/N7TE6A9ytsuEhOoA="
    },
    "toidentifier": {
      "version": "1.0.0",
      "resolved": "https://docker.verisure.com:443/artifactory/api/npm/npm-central/toidentifier/-/toidentifier-1.0.0.tgz",
      "integrity": "sha1-fhvjRw8ed5SLxD2Uo8j013UrpVM="
    },
    "tunnel-agent": {
      "version": "https://docker.verisure.com:443/artifactory/api/npm/npm-central/tunnel-agent/-/tunnel-agent-0.6.0.tgz",
      "integrity": "sha1-J6XeoGs2sEoKmWZ3SykIaPD8QP0="
    },
    "type-is": {
      "version": "1.6.18",
      "resolved": "https://docker.verisure.com:443/artifactory/api/npm/npm-central/type-is/-/type-is-1.6.18.tgz",
      "integrity": "sha1-TlUs0F3wlGfcvE73Od6J8s83wTE="
    },
    "typewise": {
      "version": "1.0.3",
      "resolved": "https://docker.verisure.com:443/artifactory/api/npm/npm-central/typewise/-/typewise-1.0.3.tgz",
      "integrity": "sha1-EGeTZUCvl5N8xdz5kiSG6fooRlE="
    },
    "typewise-core": {
      "version": "1.2.0",
      "resolved": "https://docker.verisure.com:443/artifactory/api/npm/npm-central/typewise-core/-/typewise-core-1.2.0.tgz",
      "integrity": "sha1-l+uRgFx/VdL5QXSPpQ0xXZke8ZU="
    },
    "typewiselite": {
      "version": "1.0.0",
      "resolved": "https://docker.verisure.com:443/artifactory/api/npm/npm-central/typewiselite/-/typewiselite-1.0.0.tgz",
      "integrity": "sha1-yIgvobsQksBgBal/NO9chQjjZk4="
    },
    "unpipe": {
      "version": "1.0.0",
      "resolved": "https://docker.verisure.com:443/artifactory/api/npm/npm-central/unpipe/-/unpipe-1.0.0.tgz",
      "integrity": "sha1-sr9O6FFKrmFltIF4KdIbLvSZBOw="
    },
    "util-deprecate": {
      "version": "https://docker.verisure.com:443/artifactory/api/npm/npm-central/util-deprecate/-/util-deprecate-1.0.2.tgz",
      "integrity": "sha1-RQ1Nyfpw3nMnYvvS1KKJgUGaDM8="
    },
    "utils-merge": {
      "version": "1.0.1",
      "resolved": "https://docker.verisure.com:443/artifactory/api/npm/npm-central/utils-merge/-/utils-merge-1.0.1.tgz",
      "integrity": "sha1-n5VxD1CiZ5R7LMwSR0HBAoQn5xM="
    },
    "vary": {
      "version": "1.1.2",
      "resolved": "https://docker.verisure.com:443/artifactory/api/npm/npm-central/vary/-/vary-1.1.2.tgz",
      "integrity": "sha1-IpnwLG3tMNSllhsLn3RSShj2NPw="
    },
    "which-pm-runs": {
      "version": "https://docker.verisure.com:443/artifactory/api/npm/npm-central/which-pm-runs/-/which-pm-runs-1.0.0.tgz",
      "integrity": "sha1-Zws6+8VS4LVd9rd4DKdGFfI60cs="
    },
    "wide-align": {
      "version": "https://docker.verisure.com:443/artifactory/api/npm/npm-central/wide-align/-/wide-align-1.1.3.tgz",
      "integrity": "sha1-rgdOa9wMFKQx6ATmJFScYzsABFc="
    },
    "wrappy": {
      "version": "https://docker.verisure.com:443/artifactory/api/npm/npm-central/wrappy/-/wrappy-1.0.2.tgz",
      "integrity": "sha1-tSQ9jz7BqjXxNkYFvA0QNuMKtp8="
    },
    "xtend": {
      "version": "4.0.2",
      "resolved": "https://docker.verisure.com:443/artifactory/api/npm/npm-central/xtend/-/xtend-4.0.2.tgz",
      "integrity": "sha1-u3J3n1+kZRhrH0OPZ0+jR/2121Q="
    }
  }
}
